{
  "name": "ProjetoFinalMC322",
<<<<<<< HEAD
  "lockfileVersion": 3,
  "requires": true,
  "packages": {
    "": {
      "devDependencies": {
=======
  "lockfileVersion": 2,
  "requires": true,
  "packages": {
    "": {
      "dependencies": {
>>>>>>> 99f1af1 (Desenvolvimento da classe LerMidia, além de realizar alterações pequenas em Avaliacao.ts, Filme.ts e Serie.ts)
        "@types/node": "^20.14.8"
      }
    },
    "node_modules/@types/node": {
      "version": "20.14.8",
      "resolved": "https://registry.npmjs.org/@types/node/-/node-20.14.8.tgz",
      "integrity": "sha512-DO+2/jZinXfROG7j7WKFn/3C6nFwxy2lLpgLjEXJz+0XKphZlTLJ14mo8Vfg8X5BWN6XjyESXq+LcYdT7tR3bA==",
<<<<<<< HEAD
      "dev": true,
=======
>>>>>>> 99f1af1 (Desenvolvimento da classe LerMidia, além de realizar alterações pequenas em Avaliacao.ts, Filme.ts e Serie.ts)
      "dependencies": {
        "undici-types": "~5.26.4"
      }
    },
    "node_modules/undici-types": {
      "version": "5.26.5",
      "resolved": "https://registry.npmjs.org/undici-types/-/undici-types-5.26.5.tgz",
<<<<<<< HEAD
      "integrity": "sha512-JlCMO+ehdEIKqlFxk6IfVoAUVmgz7cU7zD/h9XZ0qzeosSHmUJVOzSQvvYSYWXkFXC+IfLKSIffhv0sVZup6pA==",
      "dev": true
=======
      "integrity": "sha512-JlCMO+ehdEIKqlFxk6IfVoAUVmgz7cU7zD/h9XZ0qzeosSHmUJVOzSQvvYSYWXkFXC+IfLKSIffhv0sVZup6pA=="
    }
  },
  "dependencies": {
    "@types/node": {
      "version": "20.14.8",
      "resolved": "https://registry.npmjs.org/@types/node/-/node-20.14.8.tgz",
      "integrity": "sha512-DO+2/jZinXfROG7j7WKFn/3C6nFwxy2lLpgLjEXJz+0XKphZlTLJ14mo8Vfg8X5BWN6XjyESXq+LcYdT7tR3bA==",
      "requires": {
        "undici-types": "~5.26.4"
      }
    },
    "undici-types": {
      "version": "5.26.5",
      "resolved": "https://registry.npmjs.org/undici-types/-/undici-types-5.26.5.tgz",
      "integrity": "sha512-JlCMO+ehdEIKqlFxk6IfVoAUVmgz7cU7zD/h9XZ0qzeosSHmUJVOzSQvvYSYWXkFXC+IfLKSIffhv0sVZup6pA=="
>>>>>>> 99f1af1 (Desenvolvimento da classe LerMidia, além de realizar alterações pequenas em Avaliacao.ts, Filme.ts e Serie.ts)
    }
  }
}
